
Microsoft Visual Studio Solution File, Format Version 12.00
# Visual Studio 15
VisualStudioVersion = 15.0.28307.271
MinimumVisualStudioVersion = 10.0.40219.1
Project("{9A19103F-16F7-4668-BE54-9A1E7A4F7556}") = "NET-Core-JWT-MongoDB.App", "NETCoreJWTMongoDB.App\NET-Core-JWT-MongoDB.App.csproj", "{34976FB4-D0FA-450D-A467-88FC299A14B6}"
EndProject
Global
	GlobalSection(SolutionConfigurationPlatforms) = preSolution
		Debug|Any CPU = Debug|Any CPU
		Release|Any CPU = Release|Any CPU
	EndGlobalSection
	GlobalSection(ProjectConfigurationPlatforms) = postSolution
		{34976FB4-D0FA-450D-A467-88FC299A14B6}.Debug|Any CPU.ActiveCfg = Debug|Any CPU
		{34976FB4-D0FA-450D-A467-88FC299A14B6}.Debug|Any CPU.Build.0 = Debug|Any CPU
		{34976FB4-D0FA-450D-A467-88FC299A14B6}.Release|Any CPU.ActiveCfg = Release|Any CPU
		{34976FB4-D0FA-450D-A467-88FC299A14B6}.Release|Any CPU.Build.0 = Release|Any CPU
	EndGlobalSection
	GlobalSection(SolutionProperties) = preSolution
		HideSolutionNode = FALSE
	EndGlobalSection
	GlobalSection(ExtensibilityGlobals) = postSolution
		SolutionGuid = {B0B16F9D-77FC-46E4-AFA9-8DB30F0F2A7A}
	EndGlobalSection
EndGlobal
